
Microsoft Visual Studio Solution File, Format Version 12.00
# Visual Studio Version 17
VisualStudioVersion = 17.0.31903.59
MinimumVisualStudioVersion = 10.0.40219.1
Project("{FAE04EC0-301F-11D3-BF4B-00C04F79EFBC}") = "API", "API\API.csproj", "{3A99AEFD-34A1-43D7-B395-1A6FE8E5E8EA}"
EndProject
Project("{FAE04EC0-301F-11D3-BF4B-00C04F79EFBC}") = "Core", "Core\Core.csproj", "{4468C1C4-3BB3-4CAC-9ADC-6AA533683786}"
EndProject
Project("{FAE04EC0-301F-11D3-BF4B-00C04F79EFBC}") = "Infrastructure", "Infrastructure\Infrastructure.csproj", "{D84E9AC4-D4FF-4A88-902D-1281C7E89E42}"
EndProject
Global
	GlobalSection(SolutionConfigurationPlatforms) = preSolution
		Debug|Any CPU = Debug|Any CPU
		Release|Any CPU = Release|Any CPU
	EndGlobalSection
	GlobalSection(SolutionProperties) = preSolution
		HideSolutionNode = FALSE
	EndGlobalSection
	GlobalSection(ProjectConfigurationPlatforms) = postSolution
		{3A99AEFD-34A1-43D7-B395-1A6FE8E5E8EA}.Debug|Any CPU.ActiveCfg = Debug|Any CPU
		{3A99AEFD-34A1-43D7-B395-1A6FE8E5E8EA}.Debug|Any CPU.Build.0 = Debug|Any CPU
		{3A99AEFD-34A1-43D7-B395-1A6FE8E5E8EA}.Release|Any CPU.ActiveCfg = Release|Any CPU
		{3A99AEFD-34A1-43D7-B395-1A6FE8E5E8EA}.Release|Any CPU.Build.0 = Release|Any CPU
		{4468C1C4-3BB3-4CAC-9ADC-6AA533683786}.Debug|Any CPU.ActiveCfg = Debug|Any CPU
		{4468C1C4-3BB3-4CAC-9ADC-6AA533683786}.Debug|Any CPU.Build.0 = Debug|Any CPU
		{4468C1C4-3BB3-4CAC-9ADC-6AA533683786}.Release|Any CPU.ActiveCfg = Release|Any CPU
		{4468C1C4-3BB3-4CAC-9ADC-6AA533683786}.Release|Any CPU.Build.0 = Release|Any CPU
		{D84E9AC4-D4FF-4A88-902D-1281C7E89E42}.Debug|Any CPU.ActiveCfg = Debug|Any CPU
		{D84E9AC4-D4FF-4A88-902D-1281C7E89E42}.Debug|Any CPU.Build.0 = Debug|Any CPU
		{D84E9AC4-D4FF-4A88-902D-1281C7E89E42}.Release|Any CPU.ActiveCfg = Release|Any CPU
		{D84E9AC4-D4FF-4A88-902D-1281C7E89E42}.Release|Any CPU.Build.0 = Release|Any CPU
	EndGlobalSection
EndGlobal
